
Microsoft Visual Studio Solution File, Format Version 12.00
Project("{FAE04EC0-301F-11D3-BF4B-00C04F79EFBC}") = "RsrcUtilities", "RsrcUtilities\RsrcUtilities.csproj", "{8BB39A31-1945-4D1F-853A-5FEF2870C644}"
EndProject
Project("{FAE04EC0-301F-11D3-BF4B-00C04F79EFBC}") = "RsrcUtilities.Views.Console", "RsrcUtilities.Views.Console\RsrcUtilities.Views.Console.csproj", "{0FF3AECE-4B0F-4EF3-B9DA-3A9F6386DC15}"
EndProject
Global
	GlobalSection(SolutionConfigurationPlatforms) = preSolution
		Debug|Any CPU = Debug|Any CPU
		Release|Any CPU = Release|Any CPU
	EndGlobalSection
	GlobalSection(ProjectConfigurationPlatforms) = postSolution
		{8BB39A31-1945-4D1F-853A-5FEF2870C644}.Debug|Any CPU.ActiveCfg = Debug|Any CPU
		{8BB39A31-1945-4D1F-853A-5FEF2870C644}.Debug|Any CPU.Build.0 = Debug|Any CPU
		{8BB39A31-1945-4D1F-853A-5FEF2870C644}.Release|Any CPU.ActiveCfg = Release|Any CPU
		{8BB39A31-1945-4D1F-853A-5FEF2870C644}.Release|Any CPU.Build.0 = Release|Any CPU
		{0FF3AECE-4B0F-4EF3-B9DA-3A9F6386DC15}.Debug|Any CPU.ActiveCfg = Debug|Any CPU
		{0FF3AECE-4B0F-4EF3-B9DA-3A9F6386DC15}.Debug|Any CPU.Build.0 = Debug|Any CPU
		{0FF3AECE-4B0F-4EF3-B9DA-3A9F6386DC15}.Release|Any CPU.ActiveCfg = Release|Any CPU
		{0FF3AECE-4B0F-4EF3-B9DA-3A9F6386DC15}.Release|Any CPU.Build.0 = Release|Any CPU
	EndGlobalSection
EndGlobal
